{
    "name": "abap-util",
    "version": "1.0.0",
    "lockfileVersion": 3,
    "requires": true,
    "packages": {
        "": {
            "name": "abap-util",
            "version": "1.0.0",
            "license": "MIT",
            "dependencies": {
                "@abaplint/cli": "^2.113.104"
            }
        },
        "node_modules/@abaplint/cli": {
            "version": "2.113.104",
            "resolved": "https://registry.npmjs.org/@abaplint/cli/-/cli-2.113.104.tgz",
            "integrity": "sha512-JFFqyBdy/B4vtfz32e74ZUFQEQFyiUKg8jdDrfNjJPSOBIeVjPZzW5YxIjfym6e4DZHViNW5ctFCx8KvNoXclA==",
            "license": "MIT",
            "bin": {
                "abaplint": "abaplint"
            },
            "engines": {
                "node": ">=12.0.0"
            },
            "funding": {
                "url": "https://github.com/sponsors/larshp"
            }
        }
    }
}
